
Microsoft Visual Studio Solution File, Format Version 12.00
# Visual Studio Version 17
VisualStudioVersion = 17.13.35806.99 d17.13
MinimumVisualStudioVersion = 10.0.40219.1
Project("{FAE04EC0-301F-11D3-BF4B-00C04F79EFBC}") = "Rohit X Cheats Pro", "Rohit X Cheats Pro\Rohit X Cheats Pro.csproj", "{86B863B8-9DB4-4DA1-93B2-E9ABBB74EE86}"
EndProject
Global
	GlobalSection(SolutionConfigurationPlatforms) = preSolution
		Debug|Any CPU = Debug|Any CPU
		Release|Any CPU = Release|Any CPU
	EndGlobalSection
	GlobalSection(ProjectConfigurationPlatforms) = postSolution
		{86B863B8-9DB4-4DA1-93B2-E9ABBB74EE86}.Debug|Any CPU.ActiveCfg = Debug|Any CPU
		{86B863B8-9DB4-4DA1-93B2-E9ABBB74EE86}.Debug|Any CPU.Build.0 = Debug|Any CPU
		{86B863B8-9DB4-4DA1-93B2-E9ABBB74EE86}.Release|Any CPU.ActiveCfg = Release|Any CPU
		{86B863B8-9DB4-4DA1-93B2-E9ABBB74EE86}.Release|Any CPU.Build.0 = Release|Any CPU
	EndGlobalSection
	GlobalSection(SolutionProperties) = preSolution
		HideSolutionNode = FALSE
	EndGlobalSection
	GlobalSection(ExtensibilityGlobals) = postSolution
		SolutionGuid = {5A57F903-19B2-49D3-8DAC-16ACC2703D38}
	EndGlobalSection
EndGlobal
